// !$*UTF8*$!
{
	archiveVersion = 1;
	classes = {
	};
	objectVersion = 55;
	objects = {

/* Begin PBXBuildFile section */
		8E4449AE279B432D0033BD9D /* NodeView.swift in Sources */ = {isa = PBXBuildFile; fileRef = 8E4449AD279B432D0033BD9D /* NodeView.swift */; };
		8E4449B0279B435D0033BD9D /* DiagramViewController.swift in Sources */ = {isa = PBXBuildFile; fileRef = 8E4449AF279B435D0033BD9D /* DiagramViewController.swift */; };
		8E4449B3279B43D60033BD9D /* CGPath.swift in Sources */ = {isa = PBXBuildFile; fileRef = 8E4449B2279B43D60033BD9D /* CGPath.swift */; };
		8EABF8C9279B18490009053C /* AppDelegate.swift in Sources */ = {isa = PBXBuildFile; fileRef = 8EABF8C8279B18490009053C /* AppDelegate.swift */; };
		8EABF8CD279B18490009053C /* ViewController.swift in Sources */ = {isa = PBXBuildFile; fileRef = 8EABF8CC279B18490009053C /* ViewController.swift */; };
		8EABF8D2279B184B0009053C /* Assets.xcassets in Resources */ = {isa = PBXBuildFile; fileRef = 8EABF8D1279B184B0009053C /* Assets.xcassets */; };
		8EABF8D5279B184B0009053C /* LaunchScreen.storyboard in Resources */ = {isa = PBXBuildFile; fileRef = 8EABF8D3279B184B0009053C /* LaunchScreen.storyboard */; };
		8EE590E8279C847A007812BE /* Connection.swift in Sources */ = {isa = PBXBuildFile; fileRef = 8EE590E7279C847A007812BE /* Connection.swift */; };
		8EE590EC279C8A19007812BE /* DiagramScrollViewDelegate.swift in Sources */ = {isa = PBXBuildFile; fileRef = 8EE590EB279C8A19007812BE /* DiagramScrollViewDelegate.swift */; };
		8EE590EE279C8D55007812BE /* CAShapeLayer.swift in Sources */ = {isa = PBXBuildFile; fileRef = 8EE590ED279C8D55007812BE /* CAShapeLayer.swift */; };
		8EE590F0279C8DF6007812BE /* DiagramView.swift in Sources */ = {isa = PBXBuildFile; fileRef = 8EE590EF279C8DF6007812BE /* DiagramView.swift */; };
/* End PBXBuildFile section */

/* Begin PBXFileReference section */
		8E4449AD279B432D0033BD9D /* NodeView.swift */ = {isa = PBXFileReference; lastKnownFileType = sourcecode.swift; path = NodeView.swift; sourceTree = "<group>"; };
		8E4449AF279B435D0033BD9D /* DiagramViewController.swift */ = {isa = PBXFileReference; lastKnownFileType = sourcecode.swift; path = DiagramViewController.swift; sourceTree = "<group>"; };
		8E4449B2279B43D60033BD9D /* CGPath.swift */ = {isa = PBXFileReference; lastKnownFileType = sourcecode.swift; path = CGPath.swift; sourceTree = "<group>"; };
		8EABF8C5279B18490009053C /* FormanNodesTest.app */ = {isa = PBXFileReference; explicitFileType = wrapper.application; includeInIndex = 0; path = FormanNodesTest.app; sourceTree = BUILT_PRODUCTS_DIR; };
		8EABF8C8279B18490009053C /* AppDelegate.swift */ = {isa = PBXFileReference; lastKnownFileType = sourcecode.swift; path = AppDelegate.swift; sourceTree = "<group>"; };
		8EABF8CC279B18490009053C /* ViewController.swift */ = {isa = PBXFileReference; lastKnownFileType = sourcecode.swift; path = ViewController.swift; sourceTree = "<group>"; };
		8EABF8D1279B184B0009053C /* Assets.xcassets */ = {isa = PBXFileReference; lastKnownFileType = folder.assetcatalog; path = Assets.xcassets; sourceTree = "<group>"; };
		8EABF8D4279B184B0009053C /* Base */ = {isa = PBXFileReference; lastKnownFileType = file.storyboard; name = Base; path = Base.lproj/LaunchScreen.storyboard; sourceTree = "<group>"; };
		8EABF8D6279B184B0009053C /* Info.plist */ = {isa = PBXFileReference; lastKnownFileType = text.plist.xml; path = Info.plist; sourceTree = "<group>"; };
		8EE590E7279C847A007812BE /* Connection.swift */ = {isa = PBXFileReference; lastKnownFileType = sourcecode.swift; path = Connection.swift; sourceTree = "<group>"; };
		8EE590EB279C8A19007812BE /* DiagramScrollViewDelegate.swift */ = {isa = PBXFileReference; lastKnownFileType = sourcecode.swift; path = DiagramScrollViewDelegate.swift; sourceTree = "<group>"; };
		8EE590ED279C8D55007812BE /* CAShapeLayer.swift */ = {isa = PBXFileReference; lastKnownFileType = sourcecode.swift; path = CAShapeLayer.swift; sourceTree = "<group>"; };
		8EE590EF279C8DF6007812BE /* DiagramView.swift */ = {isa = PBXFileReference; lastKnownFileType = sourcecode.swift; path = DiagramView.swift; sourceTree = "<group>"; };
/* End PBXFileReference section */

/* Begin PBXFrameworksBuildPhase section */
		8EABF8C2279B18490009053C /* Frameworks */ = {
			isa = PBXFrameworksBuildPhase;
			buildActionMask = 2147483647;
			files = (
			);
			runOnlyForDeploymentPostprocessing = 0;
		};
/* End PBXFrameworksBuildPhase section */

/* Begin PBXGroup section */
		8E4449AC279B43190033BD9D /* Classes */ = {
			isa = PBXGroup;
			children = (
				8E4449AD279B432D0033BD9D /* NodeView.swift */,
				8E4449AF279B435D0033BD9D /* DiagramViewController.swift */,
				8EE590EF279C8DF6007812BE /* DiagramView.swift */,
				8EE590EB279C8A19007812BE /* DiagramScrollViewDelegate.swift */,
				8EE590E7279C847A007812BE /* Connection.swift */,
			);
			path = Classes;
			sourceTree = "<group>";
		};
		8E4449B1279B43C80033BD9D /* Extensions */ = {
			isa = PBXGroup;
			children = (
				8E4449B2279B43D60033BD9D /* CGPath.swift */,
				8EE590ED279C8D55007812BE /* CAShapeLayer.swift */,
			);
			path = Extensions;
			sourceTree = "<group>";
		};
		8EABF8BC279B18490009053C = {
			isa = PBXGroup;
			children = (
				8EABF8C7279B18490009053C /* FormanNodesTest */,
				8EABF8C6279B18490009053C /* Products */,
			);
			sourceTree = "<group>";
		};
		8EABF8C6279B18490009053C /* Products */ = {
			isa = PBXGroup;
			children = (
				8EABF8C5279B18490009053C /* FormanNodesTest.app */,
			);
			name = Products;
			sourceTree = "<group>";
		};
		8EABF8C7279B18490009053C /* FormanNodesTest */ = {
			isa = PBXGroup;
			children = (
				8E4449B1279B43C80033BD9D /* Extensions */,
				8EABF8C8279B18490009053C /* AppDelegate.swift */,
				8EABF8CC279B18490009053C /* ViewController.swift */,
				8E4449AC279B43190033BD9D /* Classes */,
				8EABF8D1279B184B0009053C /* Assets.xcassets */,
				8EABF8D3279B184B0009053C /* LaunchScreen.storyboard */,
				8EABF8D6279B184B0009053C /* Info.plist */,
			);
			path = FormanNodesTest;
			sourceTree = "<group>";
		};
/* End PBXGroup section */

/* Begin PBXNativeTarget section */
		8EABF8C4279B18490009053C /* FormanNodesTest */ = {
			isa = PBXNativeTarget;
			buildConfigurationList = 8EABF8D9279B184B0009053C /* Build configuration list for PBXNativeTarget "FormanNodesTest" */;
			buildPhases = (
				8EABF8C1279B18490009053C /* Sources */,
				8EABF8C2279B18490009053C /* Frameworks */,
				8EABF8C3279B18490009053C /* Resources */,
			);
			buildRules = (
			);
			dependencies = (
			);
			name = FormanNodesTest;
			productName = FormanNodesTest;
			productReference = 8EABF8C5279B18490009053C /* FormanNodesTest.app */;
			productType = "com.apple.product-type.application";
		};
/* End PBXNativeTarget section */

/* Begin PBXProject section */
		8EABF8BD279B18490009053C /* Project object */ = {
			isa = PBXProject;
			attributes = {
				BuildIndependentTargetsInParallel = 1;
				LastSwiftUpdateCheck = 1320;
				LastUpgradeCheck = 1320;
				TargetAttributes = {
					8EABF8C4279B18490009053C = {
						CreatedOnToolsVersion = 13.2;
					};
				};
			};
			buildConfigurationList = 8EABF8C0279B18490009053C /* Build configuration list for PBXProject "FormanNodesTest" */;
			compatibilityVersion = "Xcode 13.0";
			developmentRegion = en;
			hasScannedForEncodings = 0;
			knownRegions = (
				en,
				Base,
			);
			mainGroup = 8EABF8BC279B18490009053C;
			productRefGroup = 8EABF8C6279B18490009053C /* Products */;
			projectDirPath = "";
			projectRoot = "";
			targets = (
				8EABF8C4279B18490009053C /* FormanNodesTest */,
			);
		};
/* End PBXProject section */

/* Begin PBXResourcesBuildPhase section */
		8EABF8C3279B18490009053C /* Resources */ = {
			isa = PBXResourcesBuildPhase;
			buildActionMask = 2147483647;
			files = (
				8EABF8D5279B184B0009053C /* LaunchScreen.storyboard in Resources */,
				8EABF8D2279B184B0009053C /* Assets.xcassets in Resources */,
			);
			runOnlyForDeploymentPostprocessing = 0;
		};
/* End PBXResourcesBuildPhase section */

/* Begin PBXSourcesBuildPhase section */
		8EABF8C1279B18490009053C /* Sources */ = {
			isa = PBXSourcesBuildPhase;
			buildActionMask = 2147483647;
			files = (
				8EE590F0279C8DF6007812BE /* DiagramView.swift in Sources */,
				8E4449B0279B435D0033BD9D /* DiagramViewController.swift in Sources */,
				8EE590E8279C847A007812BE /* Connection.swift in Sources */,
				8EABF8CD279B18490009053C /* ViewController.swift in Sources */,
				8E4449B3279B43D60033BD9D /* CGPath.swift in Sources */,
				8EE590EC279C8A19007812BE /* DiagramScrollViewDelegate.swift in Sources */,
				8EABF8C9279B18490009053C /* AppDelegate.swift in Sources */,
				8E4449AE279B432D0033BD9D /* NodeView.swift in Sources */,
				8EE590EE279C8D55007812BE /* CAShapeLayer.swift in Sources */,
			);
			runOnlyForDeploymentPostprocessing = 0;
		};
/* End PBXSourcesBuildPhase section */

/* Begin PBXVariantGroup section */
		8EABF8D3279B184B0009053C /* LaunchScreen.storyboard */ = {
			isa = PBXVariantGroup;
			children = (
				8EABF8D4279B184B0009053C /* Base */,
			);
			name = LaunchScreen.storyboard;
			sourceTree = "<group>";
		};
/* End PBXVariantGroup section */

/* Begin XCBuildConfiguration section */
		8EABF8D7279B184B0009053C /* Debug */ = {
			isa = XCBuildConfiguration;
			buildSettings = {
				ALWAYS_SEARCH_USER_PATHS = NO;
				CLANG_ANALYZER_NONNULL = YES;
				CLANG_ANALYZER_NUMBER_OBJECT_CONVERSION = YES_AGGRESSIVE;
				CLANG_CXX_LANGUAGE_STANDARD = "gnu++17";
				CLANG_CXX_LIBRARY = "libc++";
				CLANG_ENABLE_MODULES = YES;
				CLANG_ENABLE_OBJC_ARC = YES;
				CLANG_ENABLE_OBJC_WEAK = YES;
				CLANG_WARN_BLOCK_CAPTURE_AUTORELEASING = YES;
				CLANG_WARN_BOOL_CONVERSION = YES;
				CLANG_WARN_COMMA = YES;
				CLANG_WARN_CONSTANT_CONVERSION = YES;
				CLANG_WARN_DEPRECATED_OBJC_IMPLEMENTATIONS = YES;
				CLANG_WARN_DIRECT_OBJC_ISA_USAGE = YES_ERROR;
				CLANG_WARN_DOCUMENTATION_COMMENTS = YES;
				CLANG_WARN_EMPTY_BODY = YES;
				CLANG_WARN_ENUM_CONVERSION = YES;
				CLANG_WARN_INFINITE_RECURSION = YES;
				CLANG_WARN_INT_CONVERSION = YES;
				CLANG_WARN_NON_LITERAL_NULL_CONVERSION = YES;
				CLANG_WARN_OBJC_IMPLICIT_RETAIN_SELF = YES;
				CLANG_WARN_OBJC_LITERAL_CONVERSION = YES;
				CLANG_WARN_OBJC_ROOT_CLASS = YES_ERROR;
				CLANG_WARN_QUOTED_INCLUDE_IN_FRAMEWORK_HEADER = YES;
				CLANG_WARN_RANGE_LOOP_ANALYSIS = YES;
				CLANG_WARN_STRICT_PROTOTYPES = YES;
				CLANG_WARN_SUSPICIOUS_MOVE = YES;
				CLANG_WARN_UNGUARDED_AVAILABILITY = YES_AGGRESSIVE;
				CLANG_WARN_UNREACHABLE_CODE = YES;
				CLANG_WARN__DUPLICATE_METHOD_MATCH = YES;
				COPY_PHASE_STRIP = NO;
				DEBUG_INFORMATION_FORMAT = dwarf;
				ENABLE_STRICT_OBJC_MSGSEND = YES;
				ENABLE_TESTABILITY = YES;
				GCC_C_LANGUAGE_STANDARD = gnu11;
				GCC_DYNAMIC_NO_PIC = NO;
				GCC_NO_COMMON_BLOCKS = YES;
				GCC_OPTIMIZATION_LEVEL = 0;
				GCC_PREPROCESSOR_DEFINITIONS = (
					"DEBUG=1",
					"$(inherited)",
				);
				GCC_WARN_64_TO_32_BIT_CONVERSION = YES;
				GCC_WARN_ABOUT_RETURN_TYPE = YES_ERROR;
				GCC_WARN_UNDECLARED_SELECTOR = YES;
				GCC_WARN_UNINITIALIZED_AUTOS = YES_AGGRESSIVE;
				GCC_WARN_UNUSED_FUNCTION = YES;
				GCC_WARN_UNUSED_VARIABLE = YES;
				IPHONEOS_DEPLOYMENT_TARGET = 15.2;
				MTL_ENABLE_DEBUG_INFO = INCLUDE_SOURCE;
				MTL_FAST_MATH = YES;
				ONLY_ACTIVE_ARCH = YES;
				SDKROOT = iphoneos;
				SWIFT_ACTIVE_COMPILATION_CONDITIONS = DEBUG;
				SWIFT_OPTIMIZATION_LEVEL = "-Onone";
			};
			name = Debug;
		};
		8EABF8D8279B184B0009053C /* Release */ = {
			isa = XCBuildConfiguration;
			buildSettings = {
				ALWAYS_SEARCH_USER_PATHS = NO;
				CLANG_ANALYZER_NONNULL = YES;
				CLANG_ANALYZER_NUMBER_OBJECT_CONVERSION = YES_AGGRESSIVE;
				CLANG_CXX_LANGUAGE_STANDARD = "gnu++17";
				CLANG_CXX_LIBRARY = "libc++";
				CLANG_ENABLE_MODULES = YES;
				CLANG_ENABLE_OBJC_ARC = YES;
				CLANG_ENABLE_OBJC_WEAK = YES;
				CLANG_WARN_BLOCK_CAPTURE_AUTORELEASING = YES;
				CLANG_WARN_BOOL_CONVERSION = YES;
				CLANG_WARN_COMMA = YES;
				CLANG_WARN_CONSTANT_CONVERSION = YES;
				CLANG_WARN_DEPRECATED_OBJC_IMPLEMENTATIONS = YES;
				CLANG_WARN_DIRECT_OBJC_ISA_USAGE = YES_ERROR;
				CLANG_WARN_DOCUMENTATION_COMMENTS = YES;
				CLANG_WARN_EMPTY_BODY = YES;
				CLANG_WARN_ENUM_CONVERSION = YES;
				CLANG_WARN_INFINITE_RECURSION = YES;
				CLANG_WARN_INT_CONVERSION = YES;
				CLANG_WARN_NON_LITERAL_NULL_CONVERSION = YES;
				CLANG_WARN_OBJC_IMPLICIT_RETAIN_SELF = YES;
				CLANG_WARN_OBJC_LITERAL_CONVERSION = YES;
				CLANG_WARN_OBJC_ROOT_CLASS = YES_ERROR;
				CLANG_WARN_QUOTED_INCLUDE_IN_FRAMEWORK_HEADER = YES;
				CLANG_WARN_RANGE_LOOP_ANALYSIS = YES;
				CLANG_WARN_STRICT_PROTOTYPES = YES;
				CLANG_WARN_SUSPICIOUS_MOVE = YES;
				CLANG_WARN_UNGUARDED_AVAILABILITY = YES_AGGRESSIVE;
				CLANG_WARN_UNREACHABLE_CODE = YES;
				CLANG_WARN__DUPLICATE_METHOD_MATCH = YES;
				COPY_PHASE_STRIP = NO;
				DEBUG_INFORMATION_FORMAT = "dwarf-with-dsym";
				ENABLE_NS_ASSERTIONS = NO;
				ENABLE_STRICT_OBJC_MSGSEND = YES;
				GCC_C_LANGUAGE_STANDARD = gnu11;
				GCC_NO_COMMON_BLOCKS = YES;
				GCC_WARN_64_TO_32_BIT_CONVERSION = YES;
				GCC_WARN_ABOUT_RETURN_TYPE = YES_ERROR;
				GCC_WARN_UNDECLARED_SELECTOR = YES;
				GCC_WARN_UNINITIALIZED_AUTOS = YES_AGGRESSIVE;
				GCC_WARN_UNUSED_FUNCTION = YES;
				GCC_WARN_UNUSED_VARIABLE = YES;
				IPHONEOS_DEPLOYMENT_TARGET = 15.2;
				MTL_ENABLE_DEBUG_INFO = NO;
				MTL_FAST_MATH = YES;
				SDKROOT = iphoneos;
				SWIFT_COMPILATION_MODE = wholemodule;
				SWIFT_OPTIMIZATION_LEVEL = "-O";
				VALIDATE_PRODUCT = YES;
			};
			name = Release;
		};
		8EABF8DA279B184B0009053C /* Debug */ = {
			isa = XCBuildConfiguration;
			buildSettings = {
				ASSETCATALOG_COMPILER_APPICON_NAME = AppIcon;
				ASSETCATALOG_COMPILER_GLOBAL_ACCENT_COLOR_NAME = AccentColor;
				CODE_SIGN_STYLE = Automatic;
				CURRENT_PROJECT_VERSION = 1;
				DEVELOPMENT_TEAM = YFQ86SZFZ6;
				GENERATE_INFOPLIST_FILE = YES;
				INFOPLIST_FILE = FormanNodesTest/Info.plist;
				INFOPLIST_KEY_UIApplicationSupportsIndirectInputEvents = YES;
				INFOPLIST_KEY_UILaunchStoryboardName = LaunchScreen;
				INFOPLIST_KEY_UISupportedInterfaceOrientations_iPad = "UIInterfaceOrientationPortrait UIInterfaceOrientationPortraitUpsideDown UIInterfaceOrientationLandscapeLeft UIInterfaceOrientationLandscapeRight";
				INFOPLIST_KEY_UISupportedInterfaceOrientations_iPhone = "UIInterfaceOrientationPortrait UIInterfaceOrientationLandscapeLeft UIInterfaceOrientationLandscapeRight";
				LD_RUNPATH_SEARCH_PATHS = (
					"$(inherited)",
					"@executable_path/Frameworks",
				);
				MARKETING_VERSION = 1.0;
				PRODUCT_BUNDLE_IDENTIFIER = com.filimowski.FormanNodesTest;
				PRODUCT_NAME = "$(TARGET_NAME)";
				SWIFT_EMIT_LOC_STRINGS = YES;
				SWIFT_VERSION = 5.0;
				TARGETED_DEVICE_FAMILY = "1,2";
			};
			name = Debug;
		};
		8EABF8DB279B184B0009053C /* Release */ = {
			isa = XCBuildConfiguration;
			buildSettings = {
				ASSETCATALOG_COMPILER_APPICON_NAME = AppIcon;
				ASSETCATALOG_COMPILER_GLOBAL_ACCENT_COLOR_NAME = AccentColor;
				CODE_SIGN_STYLE = Automatic;
				CURRENT_PROJECT_VERSION = 1;
				GENERATE_INFOPLIST_FILE = YES;
				INFOPLIST_FILE = FormanNodesTest/Info.plist;
				INFOPLIST_KEY_UIApplicationSupportsIndirectInputEvents = YES;
				INFOPLIST_KEY_UILaunchStoryboardName = LaunchScreen;
				INFOPLIST_KEY_UISupportedInterfaceOrientations_iPad = "UIInterfaceOrientationPortrait UIInterfaceOrientationPortraitUpsideDown UIInterfaceOrientationLandscapeLeft UIInterfaceOrientationLandscapeRight";
				INFOPLIST_KEY_UISupportedInterfaceOrientations_iPhone = "UIInterfaceOrientationPortrait UIInterfaceOrientationLandscapeLeft UIInterfaceOrientationLandscapeRight";
				LD_RUNPATH_SEARCH_PATHS = (
					"$(inherited)",
					"@executable_path/Frameworks",
				);
				MARKETING_VERSION = 1.0;
				PRODUCT_BUNDLE_IDENTIFIER = com.filimowski.FormanNodesTest;
				PRODUCT_NAME = "$(TARGET_NAME)";
				SWIFT_EMIT_LOC_STRINGS = YES;
				SWIFT_VERSION = 5.0;
				TARGETED_DEVICE_FAMILY = "1,2";
			};
			name = Release;
		};
/* End XCBuildConfiguration section */

/* Begin XCConfigurationList section */
		8EABF8C0279B18490009053C /* Build configuration list for PBXProject "FormanNodesTest" */ = {
			isa = XCConfigurationList;
			buildConfigurations = (
				8EABF8D7279B184B0009053C /* Debug */,
				8EABF8D8279B184B0009053C /* Release */,
			);
			defaultConfigurationIsVisible = 0;
			defaultConfigurationName = Release;
		};
		8EABF8D9279B184B0009053C /* Build configuration list for PBXNativeTarget "FormanNodesTest" */ = {
			isa = XCConfigurationList;
			buildConfigurations = (
				8EABF8DA279B184B0009053C /* Debug */,
				8EABF8DB279B184B0009053C /* Release */,
			);
			defaultConfigurationIsVisible = 0;
			defaultConfigurationName = Release;
		};
/* End XCConfigurationList section */
	};
	rootObject = 8EABF8BD279B18490009053C /* Project object */;
}
